
Microsoft Visual Studio Solution File, Format Version 12.00
# Visual Studio Version 17
VisualStudioVersion = 17.5.33627.172
MinimumVisualStudioVersion = 10.0.40219.1
Project("{FAE04EC0-301F-11D3-BF4B-00C04F79EFBC}") = "hash", "hash\hash.csproj", "{BFBBC926-9ACD-411C-96CC-01831DBD0C55}"
EndProject
Global
	GlobalSection(SolutionConfigurationPlatforms) = preSolution
		Debug|Any CPU = Debug|Any CPU
		Release|Any CPU = Release|Any CPU
	EndGlobalSection
	GlobalSection(ProjectConfigurationPlatforms) = postSolution
		{BFBBC926-9ACD-411C-96CC-01831DBD0C55}.Debug|Any CPU.ActiveCfg = Debug|Any CPU
		{BFBBC926-9ACD-411C-96CC-01831DBD0C55}.Debug|Any CPU.Build.0 = Debug|Any CPU
		{BFBBC926-9ACD-411C-96CC-01831DBD0C55}.Release|Any CPU.ActiveCfg = Release|Any CPU
		{BFBBC926-9ACD-411C-96CC-01831DBD0C55}.Release|Any CPU.Build.0 = Release|Any CPU
	EndGlobalSection
	GlobalSection(SolutionProperties) = preSolution
		HideSolutionNode = FALSE
	EndGlobalSection
	GlobalSection(ExtensibilityGlobals) = postSolution
		SolutionGuid = {8D46C085-C785-439B-AF20-F7E69E24F030}
	EndGlobalSection
EndGlobal
