
Microsoft Visual Studio Solution File, Format Version 12.00
# Visual Studio Version 17
VisualStudioVersion = 17.5.33627.172
MinimumVisualStudioVersion = 10.0.40219.1
Project("{FAE04EC0-301F-11D3-BF4B-00C04F79EFBC}") = "graph", "graph\graph.csproj", "{960D8420-50BA-4F75-915E-4D3769AFDAEF}"
EndProject
Global
	GlobalSection(SolutionConfigurationPlatforms) = preSolution
		Debug|Any CPU = Debug|Any CPU
		Release|Any CPU = Release|Any CPU
	EndGlobalSection
	GlobalSection(ProjectConfigurationPlatforms) = postSolution
		{960D8420-50BA-4F75-915E-4D3769AFDAEF}.Debug|Any CPU.ActiveCfg = Debug|Any CPU
		{960D8420-50BA-4F75-915E-4D3769AFDAEF}.Debug|Any CPU.Build.0 = Debug|Any CPU
		{960D8420-50BA-4F75-915E-4D3769AFDAEF}.Release|Any CPU.ActiveCfg = Release|Any CPU
		{960D8420-50BA-4F75-915E-4D3769AFDAEF}.Release|Any CPU.Build.0 = Release|Any CPU
	EndGlobalSection
	GlobalSection(SolutionProperties) = preSolution
		HideSolutionNode = FALSE
	EndGlobalSection
	GlobalSection(ExtensibilityGlobals) = postSolution
		SolutionGuid = {23EEE8A5-6F6D-4D74-9205-B31B09A8AF69}
	EndGlobalSection
EndGlobal
