
Microsoft Visual Studio Solution File, Format Version 12.00
# Visual Studio Version 17
VisualStudioVersion = 17.5.33627.172
MinimumVisualStudioVersion = 10.0.40219.1
Project("{FAE04EC0-301F-11D3-BF4B-00C04F79EFBC}") = "BST", "BST\BST.csproj", "{DE369B5D-2826-4628-84F3-1AF9EA28551B}"
EndProject
Global
	GlobalSection(SolutionConfigurationPlatforms) = preSolution
		Debug|Any CPU = Debug|Any CPU
		Release|Any CPU = Release|Any CPU
	EndGlobalSection
	GlobalSection(ProjectConfigurationPlatforms) = postSolution
		{DE369B5D-2826-4628-84F3-1AF9EA28551B}.Debug|Any CPU.ActiveCfg = Debug|Any CPU
		{DE369B5D-2826-4628-84F3-1AF9EA28551B}.Debug|Any CPU.Build.0 = Debug|Any CPU
		{DE369B5D-2826-4628-84F3-1AF9EA28551B}.Release|Any CPU.ActiveCfg = Release|Any CPU
		{DE369B5D-2826-4628-84F3-1AF9EA28551B}.Release|Any CPU.Build.0 = Release|Any CPU
	EndGlobalSection
	GlobalSection(SolutionProperties) = preSolution
		HideSolutionNode = FALSE
	EndGlobalSection
	GlobalSection(ExtensibilityGlobals) = postSolution
		SolutionGuid = {9B64BDBB-5226-49F2-B440-DD85C2C40F85}
	EndGlobalSection
EndGlobal
