
Microsoft Visual Studio Solution File, Format Version 12.00
# Visual Studio Version 17
VisualStudioVersion = 17.5.33627.172
MinimumVisualStudioVersion = 10.0.40219.1
Project("{FAE04EC0-301F-11D3-BF4B-00C04F79EFBC}") = "tree", "tree\tree.csproj", "{8A2C7594-0574-47E4-B08F-C087C18CE278}"
EndProject
Global
	GlobalSection(SolutionConfigurationPlatforms) = preSolution
		Debug|Any CPU = Debug|Any CPU
		Release|Any CPU = Release|Any CPU
	EndGlobalSection
	GlobalSection(ProjectConfigurationPlatforms) = postSolution
		{8A2C7594-0574-47E4-B08F-C087C18CE278}.Debug|Any CPU.ActiveCfg = Debug|Any CPU
		{8A2C7594-0574-47E4-B08F-C087C18CE278}.Debug|Any CPU.Build.0 = Debug|Any CPU
		{8A2C7594-0574-47E4-B08F-C087C18CE278}.Release|Any CPU.ActiveCfg = Release|Any CPU
		{8A2C7594-0574-47E4-B08F-C087C18CE278}.Release|Any CPU.Build.0 = Release|Any CPU
	EndGlobalSection
	GlobalSection(SolutionProperties) = preSolution
		HideSolutionNode = FALSE
	EndGlobalSection
	GlobalSection(ExtensibilityGlobals) = postSolution
		SolutionGuid = {037F3019-A7A8-4570-8529-75EB4F4884A9}
	EndGlobalSection
EndGlobal
